
Microsoft Visual Studio Solution File, Format Version 12.00
# Visual Studio Version 17
VisualStudioVersion = 17.8.34322.80
MinimumVisualStudioVersion = 10.0.40219.1
Project("{FAE04EC0-301F-11D3-BF4B-00C04F79EFBC}") = "WebAppWeatherForecast.Web", "WebAppWeatherForecast.Web\WebAppWeatherForecast.Web.csproj", "{CC3CB6EC-1282-4B3B-8C68-687096C3968B}"
EndProject
Global
	GlobalSection(SolutionConfigurationPlatforms) = preSolution
		Debug|Any CPU = Debug|Any CPU
		Release|Any CPU = Release|Any CPU
	EndGlobalSection
	GlobalSection(ProjectConfigurationPlatforms) = postSolution
		{CC3CB6EC-1282-4B3B-8C68-687096C3968B}.Debug|Any CPU.ActiveCfg = Debug|Any CPU
		{CC3CB6EC-1282-4B3B-8C68-687096C3968B}.Debug|Any CPU.Build.0 = Debug|Any CPU
		{CC3CB6EC-1282-4B3B-8C68-687096C3968B}.Release|Any CPU.ActiveCfg = Release|Any CPU
		{CC3CB6EC-1282-4B3B-8C68-687096C3968B}.Release|Any CPU.Build.0 = Release|Any CPU
	EndGlobalSection
	GlobalSection(SolutionProperties) = preSolution
		HideSolutionNode = FALSE
	EndGlobalSection
	GlobalSection(ExtensibilityGlobals) = postSolution
		SolutionGuid = {73EA83EC-9698-4067-AAFB-6BDDEB540780}
	EndGlobalSection
EndGlobal
